
Microsoft Visual Studio Solution File, Format Version 12.00
# Visual Studio Version 16
VisualStudioVersion = 16.0.30114.105
MinimumVisualStudioVersion = 10.0.40219.1
Project("{2150E333-8FDC-42A3-9474-1A3956D46DE8}") = "src", "src", "{C7BD2416-F46C-42CB-B46F-13516B40903E}"
EndProject
Project("{FAE04EC0-301F-11D3-BF4B-00C04F79EFBC}") = "Utilities.Extensions.Common", "src\Common\Utilities.Extensions.Common.csproj", "{C53E1322-3C01-4F1D-83B4-C123B2089572}"
EndProject
Project("{2150E333-8FDC-42A3-9474-1A3956D46DE8}") = "tests", "tests", "{05731ED8-E1A4-4DB2-8F66-5A2EFC2320E5}"
EndProject
Project("{FAE04EC0-301F-11D3-BF4B-00C04F79EFBC}") = "Utilities.Extensions.Common.UnitTests", "tests\Common\Utilities.Extensions.Common.UnitTests.csproj", "{AB0A3C35-83DF-4476-9AD1-185ECCAC1AC1}"
EndProject
Global
	GlobalSection(SolutionConfigurationPlatforms) = preSolution
		Debug|Any CPU = Debug|Any CPU
		Debug|x64 = Debug|x64
		Debug|x86 = Debug|x86
		Release|Any CPU = Release|Any CPU
		Release|x64 = Release|x64
		Release|x86 = Release|x86
	EndGlobalSection
	GlobalSection(SolutionProperties) = preSolution
		HideSolutionNode = FALSE
	EndGlobalSection
	GlobalSection(ProjectConfigurationPlatforms) = postSolution
		{C53E1322-3C01-4F1D-83B4-C123B2089572}.Debug|Any CPU.ActiveCfg = Debug|Any CPU
		{C53E1322-3C01-4F1D-83B4-C123B2089572}.Debug|Any CPU.Build.0 = Debug|Any CPU
		{C53E1322-3C01-4F1D-83B4-C123B2089572}.Debug|x64.ActiveCfg = Debug|Any CPU
		{C53E1322-3C01-4F1D-83B4-C123B2089572}.Debug|x64.Build.0 = Debug|Any CPU
		{C53E1322-3C01-4F1D-83B4-C123B2089572}.Debug|x86.ActiveCfg = Debug|Any CPU
		{C53E1322-3C01-4F1D-83B4-C123B2089572}.Debug|x86.Build.0 = Debug|Any CPU
		{C53E1322-3C01-4F1D-83B4-C123B2089572}.Release|Any CPU.ActiveCfg = Release|Any CPU
		{C53E1322-3C01-4F1D-83B4-C123B2089572}.Release|Any CPU.Build.0 = Release|Any CPU
		{C53E1322-3C01-4F1D-83B4-C123B2089572}.Release|x64.ActiveCfg = Release|Any CPU
		{C53E1322-3C01-4F1D-83B4-C123B2089572}.Release|x64.Build.0 = Release|Any CPU
		{C53E1322-3C01-4F1D-83B4-C123B2089572}.Release|x86.ActiveCfg = Release|Any CPU
		{C53E1322-3C01-4F1D-83B4-C123B2089572}.Release|x86.Build.0 = Release|Any CPU
		{AB0A3C35-83DF-4476-9AD1-185ECCAC1AC1}.Debug|Any CPU.ActiveCfg = Debug|Any CPU
		{AB0A3C35-83DF-4476-9AD1-185ECCAC1AC1}.Debug|Any CPU.Build.0 = Debug|Any CPU
		{AB0A3C35-83DF-4476-9AD1-185ECCAC1AC1}.Debug|x64.ActiveCfg = Debug|Any CPU
		{AB0A3C35-83DF-4476-9AD1-185ECCAC1AC1}.Debug|x64.Build.0 = Debug|Any CPU
		{AB0A3C35-83DF-4476-9AD1-185ECCAC1AC1}.Debug|x86.ActiveCfg = Debug|Any CPU
		{AB0A3C35-83DF-4476-9AD1-185ECCAC1AC1}.Debug|x86.Build.0 = Debug|Any CPU
		{AB0A3C35-83DF-4476-9AD1-185ECCAC1AC1}.Release|Any CPU.ActiveCfg = Release|Any CPU
		{AB0A3C35-83DF-4476-9AD1-185ECCAC1AC1}.Release|Any CPU.Build.0 = Release|Any CPU
		{AB0A3C35-83DF-4476-9AD1-185ECCAC1AC1}.Release|x64.ActiveCfg = Release|Any CPU
		{AB0A3C35-83DF-4476-9AD1-185ECCAC1AC1}.Release|x64.Build.0 = Release|Any CPU
		{AB0A3C35-83DF-4476-9AD1-185ECCAC1AC1}.Release|x86.ActiveCfg = Release|Any CPU
		{AB0A3C35-83DF-4476-9AD1-185ECCAC1AC1}.Release|x86.Build.0 = Release|Any CPU
	EndGlobalSection
	GlobalSection(NestedProjects) = preSolution
		{C53E1322-3C01-4F1D-83B4-C123B2089572} = {C7BD2416-F46C-42CB-B46F-13516B40903E}
		{AB0A3C35-83DF-4476-9AD1-185ECCAC1AC1} = {05731ED8-E1A4-4DB2-8F66-5A2EFC2320E5}
	EndGlobalSection
EndGlobal
